
Microsoft Visual Studio Solution File, Format Version 12.00
# Visual Studio Version 16
VisualStudioVersion = 16.0.29324.140
MinimumVisualStudioVersion = 10.0.40219.1
Project("{FAE04EC0-301F-11D3-BF4B-00C04F79EFBC}") = "AspNetMvcDotNetFramework1", "AspNetMvcDotNetFramework1\AspNetMvcDotNetFramework1.csproj", "{4C0EC807-849A-4FF4-8EDB-3EE0B6DA1176}"
EndProject
Global
	GlobalSection(SolutionConfigurationPlatforms) = preSolution
		Debug|Any CPU = Debug|Any CPU
		Release|Any CPU = Release|Any CPU
	EndGlobalSection
	GlobalSection(ProjectConfigurationPlatforms) = postSolution
		{4C0EC807-849A-4FF4-8EDB-3EE0B6DA1176}.Debug|Any CPU.ActiveCfg = Debug|Any CPU
		{4C0EC807-849A-4FF4-8EDB-3EE0B6DA1176}.Debug|Any CPU.Build.0 = Debug|Any CPU
		{4C0EC807-849A-4FF4-8EDB-3EE0B6DA1176}.Release|Any CPU.ActiveCfg = Release|Any CPU
		{4C0EC807-849A-4FF4-8EDB-3EE0B6DA1176}.Release|Any CPU.Build.0 = Release|Any CPU
	EndGlobalSection
	GlobalSection(SolutionProperties) = preSolution
		HideSolutionNode = FALSE
	EndGlobalSection
	GlobalSection(ExtensibilityGlobals) = postSolution
		SolutionGuid = {AE02455A-6795-4099-95A0-E1478F01E583}
	EndGlobalSection
EndGlobal
