
Microsoft Visual Studio Solution File, Format Version 12.00
# Visual Studio Version 16
VisualStudioVersion = 16.0.29411.108
MinimumVisualStudioVersion = 10.0.40219.1
Project("{FAE04EC0-301F-11D3-BF4B-00C04F79EFBC}") = "WebApi", "WebApi\WebApi.csproj", "{48654130-31A2-4FAB-9E1C-A6D52BF7EEB0}"
EndProject
Global
	GlobalSection(SolutionConfigurationPlatforms) = preSolution
		Debug|Any CPU = Debug|Any CPU
		Release|Any CPU = Release|Any CPU
	EndGlobalSection
	GlobalSection(ProjectConfigurationPlatforms) = postSolution
		{48654130-31A2-4FAB-9E1C-A6D52BF7EEB0}.Debug|Any CPU.ActiveCfg = Debug|Any CPU
		{48654130-31A2-4FAB-9E1C-A6D52BF7EEB0}.Debug|Any CPU.Build.0 = Debug|Any CPU
		{48654130-31A2-4FAB-9E1C-A6D52BF7EEB0}.Release|Any CPU.ActiveCfg = Release|Any CPU
		{48654130-31A2-4FAB-9E1C-A6D52BF7EEB0}.Release|Any CPU.Build.0 = Release|Any CPU
	EndGlobalSection
	GlobalSection(SolutionProperties) = preSolution
		HideSolutionNode = FALSE
	EndGlobalSection
	GlobalSection(ExtensibilityGlobals) = postSolution
		SolutionGuid = {199CED24-D225-41AF-BF7A-177D5833260B}
	EndGlobalSection
EndGlobal
