
Microsoft Visual Studio Solution File, Format Version 12.00
# Visual Studio Version 16
VisualStudioVersion = 16.0.29411.108
MinimumVisualStudioVersion = 10.0.40219.1
Project("{FAE04EC0-301F-11D3-BF4B-00C04F79EFBC}") = "RazorPages", "RazorPages\RazorPages.csproj", "{2B38573C-3F55-4A37-820D-923FAE53CB9D}"
EndProject
Global
	GlobalSection(SolutionConfigurationPlatforms) = preSolution
		Debug|Any CPU = Debug|Any CPU
		Release|Any CPU = Release|Any CPU
	EndGlobalSection
	GlobalSection(ProjectConfigurationPlatforms) = postSolution
		{2B38573C-3F55-4A37-820D-923FAE53CB9D}.Debug|Any CPU.ActiveCfg = Debug|Any CPU
		{2B38573C-3F55-4A37-820D-923FAE53CB9D}.Debug|Any CPU.Build.0 = Debug|Any CPU
		{2B38573C-3F55-4A37-820D-923FAE53CB9D}.Release|Any CPU.ActiveCfg = Release|Any CPU
		{2B38573C-3F55-4A37-820D-923FAE53CB9D}.Release|Any CPU.Build.0 = Release|Any CPU
	EndGlobalSection
	GlobalSection(SolutionProperties) = preSolution
		HideSolutionNode = FALSE
	EndGlobalSection
	GlobalSection(ExtensibilityGlobals) = postSolution
		SolutionGuid = {A6C38CA2-34B3-4707-AD40-456BD76B6F39}
	EndGlobalSection
EndGlobal
