
Microsoft Visual Studio Solution File, Format Version 12.00
# Visual Studio Version 16
VisualStudioVersion = 16.0.29411.108
MinimumVisualStudioVersion = 10.0.40219.1
Project("{FAE04EC0-301F-11D3-BF4B-00C04F79EFBC}") = "Identity", "Identity\Identity.csproj", "{F251B23A-3AD6-4A4E-B82C-12612C45686D}"
EndProject
Global
	GlobalSection(SolutionConfigurationPlatforms) = preSolution
		Debug|Any CPU = Debug|Any CPU
		Release|Any CPU = Release|Any CPU
	EndGlobalSection
	GlobalSection(ProjectConfigurationPlatforms) = postSolution
		{F251B23A-3AD6-4A4E-B82C-12612C45686D}.Debug|Any CPU.ActiveCfg = Debug|Any CPU
		{F251B23A-3AD6-4A4E-B82C-12612C45686D}.Debug|Any CPU.Build.0 = Debug|Any CPU
		{F251B23A-3AD6-4A4E-B82C-12612C45686D}.Release|Any CPU.ActiveCfg = Release|Any CPU
		{F251B23A-3AD6-4A4E-B82C-12612C45686D}.Release|Any CPU.Build.0 = Release|Any CPU
	EndGlobalSection
	GlobalSection(SolutionProperties) = preSolution
		HideSolutionNode = FALSE
	EndGlobalSection
	GlobalSection(ExtensibilityGlobals) = postSolution
		SolutionGuid = {0A744B0C-C044-465C-B64C-87683865D6BA}
	EndGlobalSection
EndGlobal
